
Microsoft Visual Studio Solution File, Format Version 12.00
# Visual Studio 15
VisualStudioVersion = 15.0.27703.2026
MinimumVisualStudioVersion = 10.0.40219.1
Project("{FAE04EC0-301F-11D3-BF4B-00C04F79EFBC}") = "CarPool", "CarPool\CarPool.csproj", "{B4CE2C5E-F4EE-41EE-8EC1-7C4A50E65F00}"
EndProject
Global
	GlobalSection(SolutionConfigurationPlatforms) = preSolution
		Debug|Any CPU = Debug|Any CPU
		Release|Any CPU = Release|Any CPU
	EndGlobalSection
	GlobalSection(ProjectConfigurationPlatforms) = postSolution
		{B4CE2C5E-F4EE-41EE-8EC1-7C4A50E65F00}.Debug|Any CPU.ActiveCfg = Debug|Any CPU
		{B4CE2C5E-F4EE-41EE-8EC1-7C4A50E65F00}.Debug|Any CPU.Build.0 = Debug|Any CPU
		{B4CE2C5E-F4EE-41EE-8EC1-7C4A50E65F00}.Release|Any CPU.ActiveCfg = Release|Any CPU
		{B4CE2C5E-F4EE-41EE-8EC1-7C4A50E65F00}.Release|Any CPU.Build.0 = Release|Any CPU
	EndGlobalSection
	GlobalSection(SolutionProperties) = preSolution
		HideSolutionNode = FALSE
	EndGlobalSection
	GlobalSection(ExtensibilityGlobals) = postSolution
		SolutionGuid = {EDDCA4FB-B992-4B4D-9084-1E14E136D927}
	EndGlobalSection
EndGlobal
